
Microsoft Visual Studio Solution File, Format Version 12.00
# Visual Studio Version 16
VisualStudioVersion = 16.0.30907.101
MinimumVisualStudioVersion = 10.0.40219.1
Project("{8BC9CEB8-8B4A-11D0-8D11-00A0C91BC942}") = "Data Sturctures and Algorithm Analysis in C", "Data Sturctures and Algorithm Analysis in C.vcxproj", "{CA7058DD-C02B-4424-A721-D4D227696A00}"
EndProject
Project("{8BC9CEB8-8B4A-11D0-8D11-00A0C91BC942}") = "List", "List\List.vcxproj", "{28262A64-CE32-4DAD-AACA-8601844522D2}"
EndProject
Project("{8BC9CEB8-8B4A-11D0-8D11-00A0C91BC942}") = "doubly linked list", "double linked list\double linked list.vcxproj", "{2997AC3F-EA71-4129-91DD-AE4AC9274A5D}"
EndProject
Project("{8BC9CEB8-8B4A-11D0-8D11-00A0C91BC942}") = "Cursor", "Cursor\Cursor.vcxproj", "{4B0B2BB7-C2D9-4079-9E09-9FAF3EAAB99A}"
EndProject
Global
	GlobalSection(SolutionConfigurationPlatforms) = preSolution
		Debug|x64 = Debug|x64
		Debug|x86 = Debug|x86
		Release|x64 = Release|x64
		Release|x86 = Release|x86
	EndGlobalSection
	GlobalSection(ProjectConfigurationPlatforms) = postSolution
		{CA7058DD-C02B-4424-A721-D4D227696A00}.Debug|x64.ActiveCfg = Debug|x64
		{CA7058DD-C02B-4424-A721-D4D227696A00}.Debug|x64.Build.0 = Debug|x64
		{CA7058DD-C02B-4424-A721-D4D227696A00}.Debug|x86.ActiveCfg = Debug|Win32
		{CA7058DD-C02B-4424-A721-D4D227696A00}.Debug|x86.Build.0 = Debug|Win32
		{CA7058DD-C02B-4424-A721-D4D227696A00}.Release|x64.ActiveCfg = Release|x64
		{CA7058DD-C02B-4424-A721-D4D227696A00}.Release|x64.Build.0 = Release|x64
		{CA7058DD-C02B-4424-A721-D4D227696A00}.Release|x86.ActiveCfg = Release|Win32
		{CA7058DD-C02B-4424-A721-D4D227696A00}.Release|x86.Build.0 = Release|Win32
		{28262A64-CE32-4DAD-AACA-8601844522D2}.Debug|x64.ActiveCfg = Debug|x64
		{28262A64-CE32-4DAD-AACA-8601844522D2}.Debug|x64.Build.0 = Debug|x64
		{28262A64-CE32-4DAD-AACA-8601844522D2}.Debug|x86.ActiveCfg = Debug|Win32
		{28262A64-CE32-4DAD-AACA-8601844522D2}.Debug|x86.Build.0 = Debug|Win32
		{28262A64-CE32-4DAD-AACA-8601844522D2}.Release|x64.ActiveCfg = Release|x64
		{28262A64-CE32-4DAD-AACA-8601844522D2}.Release|x64.Build.0 = Release|x64
		{28262A64-CE32-4DAD-AACA-8601844522D2}.Release|x86.ActiveCfg = Release|Win32
		{28262A64-CE32-4DAD-AACA-8601844522D2}.Release|x86.Build.0 = Release|Win32
		{2997AC3F-EA71-4129-91DD-AE4AC9274A5D}.Debug|x64.ActiveCfg = Debug|x64
		{2997AC3F-EA71-4129-91DD-AE4AC9274A5D}.Debug|x64.Build.0 = Debug|x64
		{2997AC3F-EA71-4129-91DD-AE4AC9274A5D}.Debug|x86.ActiveCfg = Debug|Win32
		{2997AC3F-EA71-4129-91DD-AE4AC9274A5D}.Debug|x86.Build.0 = Debug|Win32
		{2997AC3F-EA71-4129-91DD-AE4AC9274A5D}.Release|x64.ActiveCfg = Release|x64
		{2997AC3F-EA71-4129-91DD-AE4AC9274A5D}.Release|x64.Build.0 = Release|x64
		{2997AC3F-EA71-4129-91DD-AE4AC9274A5D}.Release|x86.ActiveCfg = Release|Win32
		{2997AC3F-EA71-4129-91DD-AE4AC9274A5D}.Release|x86.Build.0 = Release|Win32
		{4B0B2BB7-C2D9-4079-9E09-9FAF3EAAB99A}.Debug|x64.ActiveCfg = Debug|x64
		{4B0B2BB7-C2D9-4079-9E09-9FAF3EAAB99A}.Debug|x64.Build.0 = Debug|x64
		{4B0B2BB7-C2D9-4079-9E09-9FAF3EAAB99A}.Debug|x86.ActiveCfg = Debug|Win32
		{4B0B2BB7-C2D9-4079-9E09-9FAF3EAAB99A}.Debug|x86.Build.0 = Debug|Win32
		{4B0B2BB7-C2D9-4079-9E09-9FAF3EAAB99A}.Release|x64.ActiveCfg = Release|x64
		{4B0B2BB7-C2D9-4079-9E09-9FAF3EAAB99A}.Release|x64.Build.0 = Release|x64
		{4B0B2BB7-C2D9-4079-9E09-9FAF3EAAB99A}.Release|x86.ActiveCfg = Release|Win32
		{4B0B2BB7-C2D9-4079-9E09-9FAF3EAAB99A}.Release|x86.Build.0 = Release|Win32
	EndGlobalSection
	GlobalSection(SolutionProperties) = preSolution
		HideSolutionNode = FALSE
	EndGlobalSection
	GlobalSection(ExtensibilityGlobals) = postSolution
		SolutionGuid = {757DCC19-91AC-4617-8632-5B1A024A01A7}
	EndGlobalSection
EndGlobal
